<?xml version="1.0" encoding="utf-8"?>
<Project ToolsVersion="4.0" xmlns="http://schemas.microsoft.com/developer/msbuild/2003">
  <ItemGroup>
    <Filter Include="Source Files">
      <UniqueIdentifier>{4FC737F1-C7A5-4376-A066-2A32D752A2FF}</UniqueIdentifier>
      <Extensions>cpp;c;cc;cxx;c++;cppm;ixx;def;odl;idl;hpj;bat;asm;asmx</Extensions>
    </Filter>
    <Filter Include="Header Files">
      <UniqueIdentifier>{93995380-89BD-4b04-88EB-625FBE52EBFB}</UniqueIdentifier>
      <Extensions>h;hh;hpp;hxx;h++;hm;inl;inc;ipp;xsd</Extensions>
    </Filter>
    <Filter Include="Resource Files">
      <UniqueIdentifier>{67DA6AB6-F800-4c08-8B7A-83BB121AAD01}</UniqueIdentifier>
      <Extensions>rc;ico;cur;bmp;dlg;rc2;rct;bin;rgs;gif;jpg;jpeg;jpe;resx;tiff;tif;png;wav;mfcribbon-ms</Extensions>
    </Filter>
  </ItemGroup>
  <ItemGroup>
    <ClCompile Include="main.cpp">
      <Filter>Source Files</Filter>
    </ClCompile>
    <ClCompile Include="task\shapes_range.cpp">
      <Filter>Source Files</Filter>
    </ClCompile>
    <ClCompile Include="task\shapes_split_fn.cpp">
      <Filter>Source Files</Filter>
    </ClCompile>
    <ClCompile Include="task\Removing_text.cpp">
      <Filter>Source Files</Filter>
    </ClCompile>
    <ClCompile Include="task\number_task.cpp">
      <Filter>Source Files</Filter>
    </ClCompile>
    <ClCompile Include="task\blue_images.cpp">
      <Filter>Source Files</Filter>
    </ClCompile>
    <ClCompile Include="task\cashew.cpp">
      <Filter>Source Files</Filter>
    </ClCompile>
    <ClCompile Include="basic operations\annotating_images.cpp">
      <Filter>Source Files</Filter>
    </ClCompile>
    <ClCompile Include="basic operations\bitwise_and.cpp">
      <Filter>Source Files</Filter>
    </ClCompile>
    <ClCompile Include="basic operations\blanck_im.cpp">
      <Filter>Source Files</Filter>
    </ClCompile>
    <ClCompile Include="basic operations\colour_spaces.cpp">
      <Filter>Source Files</Filter>
    </ClCompile>
    <ClCompile Include="basic operations\concatenation.cpp">
      <Filter>Source Files</Filter>
    </ClCompile>
    <ClCompile Include="basic operations\Croping_image.cpp">
      <Filter>Source Files</Filter>
    </ClCompile>
    <ClCompile Include="basic operations\image.cpp">
      <Filter>Source Files</Filter>
    </ClCompile>
    <ClCompile Include="basic operations\image_patch.cpp">
      <Filter>Source Files</Filter>
    </ClCompile>
    <ClCompile Include="basic operations\image_resizing.cpp">
      <Filter>Source Files</Filter>
    </ClCompile>
    <ClCompile Include="basic operations\opencvprograms.cpp">
      <Filter>Source Files</Filter>
    </ClCompile>
    <ClCompile Include="Image filter\Blurred_image.cpp">
      <Filter>Source Files</Filter>
    </ClCompile>
    <ClCompile Include="Image filter\filter_kernel_identity.cpp">
      <Filter>Source Files</Filter>
    </ClCompile>
    <ClCompile Include="Image filter\Sharpening images.cpp">
      <Filter>Source Files</Filter>
    </ClCompile>
    <ClCompile Include="video\videoProcess.cpp">
      <Filter>Source Files</Filter>
    </ClCompile>
    <ClCompile Include="object processing\contours.cpp">
      <Filter>Source Files</Filter>
    </ClCompile>
    <ClCompile Include="object processing\blob detection.cpp">
      <Filter>Source Files</Filter>
    </ClCompile>
    <ClCompile Include="object processing\edgedetection.cpp">
      <Filter>Source Files</Filter>
    </ClCompile>
    <ClCompile Include="object processing\morpho_contours.cpp">
      <Filter>Source Files</Filter>
    </ClCompile>
    <ClCompile Include="object processing\morphological_functions.cpp">
      <Filter>Source Files</Filter>
    </ClCompile>
    <ClCompile Include="object processing\mouse_function.cpp">
      <Filter>Source Files</Filter>
    </ClCompile>
    <ClCompile Include="object processing\rotating-image.cpp">
      <Filter>Source Files</Filter>
    </ClCompile>
    <ClCompile Include="object processing\thresholding.cpp">
      <Filter>Source Files</Filter>
    </ClCompile>
    <ClCompile Include="object processing\track_bar.cpp">
      <Filter>Source Files</Filter>
    </ClCompile>
    <ClCompile Include="object processing\Translation.cpp">
      <Filter>Source Files</Filter>
    </ClCompile>
  </ItemGroup>
  <ItemGroup>
    <ClInclude Include="header files\basics operations.h">
      <Filter>Header Files</Filter>
    </ClInclude>
    <ClInclude Include="basic operations\basics operations.h">
      <Filter>Header Files</Filter>
    </ClInclude>
    <ClInclude Include="Image filter\image filter.h">
      <Filter>Header Files</Filter>
    </ClInclude>
    <ClInclude Include="object processing\mouse.h">
      <Filter>Header Files</Filter>
    </ClInclude>
    <ClInclude Include="task\task.h">
      <Filter>Header Files</Filter>
    </ClInclude>
    <ClInclude Include="video\video.h">
      <Filter>Header Files</Filter>
    </ClInclude>
  </ItemGroup>
</Project>