<?xml version="1.0" encoding="utf-8"?>
<Project ToolsVersion="4.0" xmlns="http://schemas.microsoft.com/developer/msbuild/2003">
  <ItemGroup>
    <Filter Include="Source Files">
      <UniqueIdentifier>{4FC737F1-C7A5-4376-A066-2A32D752A2FF}</UniqueIdentifier>
      <Extensions>cpp;c;cc;cxx;c++;cppm;ixx;def;odl;idl;hpj;bat;asm;asmx</Extensions>
    </Filter>
    <Filter Include="Header Files">
      <UniqueIdentifier>{93995380-89BD-4b04-88EB-625FBE52EBFB}</UniqueIdentifier>
      <Extensions>h;hh;hpp;hxx;h++;hm;inl;inc;ipp;xsd</Extensions>
    </Filter>
    <Filter Include="Resource Files">
      <UniqueIdentifier>{67DA6AB6-F800-4c08-8B7A-83BB121AAD01}</UniqueIdentifier>
      <Extensions>rc;ico;cur;bmp;dlg;rc2;rct;bin;rgs;gif;jpg;jpeg;jpe;resx;tiff;tif;png;wav;mfcribbon-ms</Extensions>
    </Filter>
  </ItemGroup>
  <ItemGroup>
    <ClCompile Include="main.cpp">
      <Filter>Source Files</Filter>
    </ClCompile>
    <ClCompile Include="task\shapes_range.cpp">
      <Filter>Source Files</Filter>
    </ClCompile>
    <ClCompile Include="task\shapes_split_fn.cpp">
      <Filter>Source Files</Filter>
    </ClCompile>
    <ClCompile Include="task\Removing_text.cpp">
      <Filter>Source Files</Filter>
    </ClCompile>
    <ClCompile Include="task\number_task.cpp">
      <Filter>Source Files</Filter>
    </ClCompile>
    <ClCompile Include="task\blue_images.cpp">
      <Filter>Source Files</Filter>
    </ClCompile>
    <ClCompile Include="task\cashew.cpp">
      <Filter>Source Files</Filter>
    </ClCompile>
    <ClCompile Include="basic operations\annotating_images.cpp">
      <Filter>Source Files</Filter>
    </ClCompile>
    <ClCompile Include="basic operations\bitwise_and.cpp">
      <Filter>Source Files</Filter>
    </ClCompile>
    <ClCompile Include="basic operations\blanck_im.cpp">
      <Filter>Source Files</Filter>
    </ClCompile>
    <ClCompile Include="basic operations\colour_spaces.cpp">
      <Filter>Source Files</Filter>
    </ClCompile>
    <ClCompile Include="basic operations\concatenation.cpp">
      <Filter>Source Files</Filter>
    </ClCompile>
    <ClCompile Include="basic operations\Croping_image.cpp">
      <Filter>Source Files</Filter>
    </ClCompile>
    <ClCompile Include="basic operations\image.cpp">
      <Filter>Source Files</Filter>
    </ClCompile>
    <ClCompile Include="basic operations\image_patch.cpp">
      <Filter>Source Files</Filter>
    </ClCompile>
    <ClCompile Include="basic operations\image_resizing.cpp">
      <Filter>Source Files</Filter>
    </ClCompile>
    <ClCompile Include="basic operations\opencvprograms.cpp">
      <Filter>Source Files</Filter>
    </ClCompile>
    <ClCompile Include="Image filter\Blurred_image.cpp">
      <Filter>Source Files</Filter>
    </ClCompile>
    <ClCompile Include="Image filter\filter_kernel_identity.cpp">
      <Filter>Source Files</Filter>
    </ClCompile>
    <ClCompile Include="Image filter\Sharpening images.cpp">
      <Filter>Source Files</Filter>
    </ClCompile>
    <ClCompile Include="video\videoProcess.cpp">
      <Filter>Source Files</Filter>
    </ClCompile>
    <ClCompile Include="object processing\contours.cpp">
      <Filter>Source Files</Filter>
    </ClCompile>
    <ClCompile Include="object processing\blob detection.cpp">
      <Filter>Source Files</Filter>
    </ClCompile>
    <ClCompile Include="object processing\edgedetection.cpp">
      <Filter>Source Files</Filter>
    </ClCompile>
    <ClCompile Include="object processing\morpho_contours.cpp">
      <Filter>Source Files</Filter>
    </ClCompile>
    <ClCompile Include="object processing\morphological_functions.cpp">
      <Filter>Source Files</Filter>
    </ClCompile>
    <ClCompile Include="object processing\mouse_function.cpp">
      <Filter>Source Files</Filter>
    </ClCompile>
    <ClCompile Include="object processing\rotating-image.cpp">
      <Filter>Source Files</Filter>
    </ClCompile>
    <ClCompile Include="object processing\thresholding.cpp">
      <Filter>Source Files</Filter>
    </ClCompile>
    <ClCompile Include="object processing\track_bar.cpp">
      <Filter>Source Files</Filter>
    </ClCompile>
    <ClCompile Include="object processing\Translation.cpp">
      <Filter>Source Files</Filter>
    </ClCompile>
  </ItemGroup>
  <ItemGroup>
    <ClInclude Include="basic operations\basics operations.h">
      <Filter>Header Files</Filter>
    </ClInclude>
    <ClInclude Include="Image filter\image filter.h">
      <Filter>Header Files</Filter>
    </ClInclude>
    <ClInclude Include="object processing\obj_processing.h">
      <Filter>Header Files</Filter>
    </ClInclude>
    <ClInclude Include="task\task.h">
      <Filter>Header Files</Filter>
    </ClInclude>
    <ClInclude Include="video\video.h">
      <Filter>Header Files</Filter>
    </ClInclude>
  </ItemGroup>
  <ItemGroup>
    <Image Include="images\animation.jpeg">
      <Filter>Resource Files</Filter>
    </Image>
    <Image Include="images\Animi.jpeg">
      <Filter>Resource Files</Filter>
    </Image>
    <Image Include="images\background-image-653353_1280.jpg">
      <Filter>Resource Files</Filter>
    </Image>
    <Image Include="images\blur_kernel.jpg">
      <Filter>Resource Files</Filter>
    </Image>
    <Image Include="images\bubbles-1853237_640.jpg">
      <Filter>Resource Files</Filter>
    </Image>
    <Image Include="images\cashew.jpg">
      <Filter>Resource Files</Filter>
    </Image>
    <Image Include="images\cashew-nut-5222308_1280.jpg">
      <Filter>Resource Files</Filter>
    </Image>
    <Image Include="images\colored_shapes.jpg">
      <Filter>Resource Files</Filter>
    </Image>
    <Image Include="images\contours_none_image1.jpg">
      <Filter>Resource Files</Filter>
    </Image>
    <Image Include="images\flower 2024-09-24.jpg">
      <Filter>Resource Files</Filter>
    </Image>
    <Image Include="images\gerbera-1684436_640.jpg">
      <Filter>Resource Files</Filter>
    </Image>
    <Image Include="images\Image_20240928104919496.bmp">
      <Filter>Resource Files</Filter>
    </Image>
    <Image Include="images\Image_20240928105004226.bmp">
      <Filter>Resource Files</Filter>
    </Image>
    <Image Include="images\Image_20240928105035759.bmp">
      <Filter>Resource Files</Filter>
    </Image>
    <Image Include="images\Image_20240928105055674.bmp">
      <Filter>Resource Files</Filter>
    </Image>
    <Image Include="images\Image_20240928105113924.bmp">
      <Filter>Resource Files</Filter>
    </Image>
    <Image Include="images\Image_20240928105123410.bmp">
      <Filter>Resource Files</Filter>
    </Image>
    <Image Include="images\image_thres1.jpg">
      <Filter>Resource Files</Filter>
    </Image>
    <Image Include="images\image_without_text.jpg">
      <Filter>Resource Files</Filter>
    </Image>
    <Image Include="images\lantana-8037634_640.jpg">
      <Filter>Resource Files</Filter>
    </Image>
    <Image Include="images\opencvimage.jpg">
      <Filter>Resource Files</Filter>
    </Image>
    <Image Include="images\opencvimage1.jpeg">
      <Filter>Resource Files</Filter>
    </Image>
    <Image Include="images\opencvimage2.png">
      <Filter>Resource Files</Filter>
    </Image>
    <Image Include="images\opencvimage3.bmp">
      <Filter>Resource Files</Filter>
    </Image>
    <Image Include="images\patched.jpg">
      <Filter>Resource Files</Filter>
    </Image>
    <Image Include="images\rationcardfront.jpg">
      <Filter>Resource Files</Filter>
    </Image>
    <Image Include="images\rubik%27scube_bright.jpg">
      <Filter>Resource Files</Filter>
    </Image>
    <Image Include="images\rubik%27scube_dark.jpg">
      <Filter>Resource Files</Filter>
    </Image>
    <Image Include="images\Screenshot 2023-11-18 200056.png">
      <Filter>Resource Files</Filter>
    </Image>
    <Image Include="images\shapes.jpg">
      <Filter>Resource Files</Filter>
    </Image>
    <Image Include="images\shapes2.jpg">
      <Filter>Resource Files</Filter>
    </Image>
    <Image Include="images\shapesshapes1.jpg">
      <Filter>Resource Files</Filter>
    </Image>
    <Image Include="images\shapesshapes2.jpg">
      <Filter>Resource Files</Filter>
    </Image>
    <Image Include="images\star-1842985_1280.jpg">
      <Filter>Resource Files</Filter>
    </Image>
  </ItemGroup>
  <ItemGroup>
    <None Include="images\DALL·E 2024-09-27 15.51.53 - A grayscale image showing multiple distinct round blobs of different sizes scattered across a plain background. The blobs should be simple, filled, an.webp" />
    <None Include=".gitattributes" />
    <None Include=".gitignore" />
  </ItemGroup>
  <ItemGroup>
    <Media Include="images\road.mp4" />
  </ItemGroup>
</Project>