<?xml version="1.0" encoding="utf-8"?>
<Project ToolsVersion="4.0" xmlns="http://schemas.microsoft.com/developer/msbuild/2003">
  <ItemGroup>
    <Filter Include="Source Files">
      <UniqueIdentifier>{4FC737F1-C7A5-4376-A066-2A32D752A2FF}</UniqueIdentifier>
      <Extensions>cpp;c;cc;cxx;c++;cppm;ixx;def;odl;idl;hpj;bat;asm;asmx</Extensions>
    </Filter>
    <Filter Include="Header Files">
      <UniqueIdentifier>{93995380-89BD-4b04-88EB-625FBE52EBFB}</UniqueIdentifier>
      <Extensions>h;hh;hpp;hxx;h++;hm;inl;inc;ipp;xsd</Extensions>
    </Filter>
    <Filter Include="Resource Files">
      <UniqueIdentifier>{67DA6AB6-F800-4c08-8B7A-83BB121AAD01}</UniqueIdentifier>
      <Extensions>rc;ico;cur;bmp;dlg;rc2;rct;bin;rgs;gif;jpg;jpeg;jpe;resx;tiff;tif;png;wav;mfcribbon-ms</Extensions>
    </Filter>
  </ItemGroup>
  <ItemGroup>
    <ClCompile Include="opencvprograms.cpp">
      <Filter>Source Files</Filter>
    </ClCompile>
    <ClCompile Include="image.cpp">
      <Filter>Source Files</Filter>
    </ClCompile>
    <ClCompile Include="videoProcess.cpp">
      <Filter>Source Files</Filter>
    </ClCompile>
    <ClCompile Include="image_resizing.cpp">
      <Filter>Source Files</Filter>
    </ClCompile>
    <ClCompile Include="Croping_image.cpp">
      <Filter>Source Files</Filter>
    </ClCompile>
    <ClCompile Include="image_patch.cpp">
      <Filter>Source Files</Filter>
    </ClCompile>
    <ClCompile Include="concatenation.cpp">
      <Filter>Source Files</Filter>
    </ClCompile>
    <ClCompile Include="blanck_im.cpp">
      <Filter>Source Files</Filter>
    </ClCompile>
    <ClCompile Include="Removing_text.cpp">
      <Filter>Source Files</Filter>
    </ClCompile>
    <ClCompile Include="Adiing_patches.cpp">
      <Filter>Source Files</Filter>
    </ClCompile>
    <ClCompile Include="rotating-image.cpp">
      <Filter>Source Files</Filter>
    </ClCompile>
    <ClCompile Include="Translation.cpp">
      <Filter>Source Files</Filter>
    </ClCompile>
    <ClCompile Include="annotating_images.cpp">
      <Filter>Source Files</Filter>
    </ClCompile>
    <ClCompile Include="colour_spaces.cpp">
      <Filter>Source Files</Filter>
    </ClCompile>
    <ClCompile Include="filter_kernel_identity.cpp">
      <Filter>Source Files</Filter>
    </ClCompile>
    <ClCompile Include="Blurred_image.cpp">
      <Filter>Source Files</Filter>
    </ClCompile>
    <ClCompile Include="Sharpening images.cpp">
      <Filter>Source Files</Filter>
    </ClCompile>
    <ClCompile Include="thresholding.cpp">
      <Filter>Source Files</Filter>
    </ClCompile>
    <ClCompile Include="blob detection.cpp">
      <Filter>Source Files</Filter>
    </ClCompile>
    <ClCompile Include="edgedetection.cpp">
      <Filter>Source Files</Filter>
    </ClCompile>
    <ClCompile Include="mouse\trackbar.cpp">
      <Filter>Source Files</Filter>
    </ClCompile>
    <ClCompile Include="cashew.cpp">
      <Filter>Source Files</Filter>
    </ClCompile>
    <ClCompile Include="adding_images.cpp">
      <Filter>Source Files</Filter>
    </ClCompile>
    <ClCompile Include="bitwise_and.cpp">
      <Filter>Source Files</Filter>
    </ClCompile>
    <ClCompile Include="blue_images.cpp">
      <Filter>Source Files</Filter>
    </ClCompile>
    <ClCompile Include="cashew1.cpp">
      <Filter>Source Files</Filter>
    </ClCompile>
    <ClCompile Include="morphological_functions.cpp">
      <Filter>Source Files</Filter>
    </ClCompile>
    <ClCompile Include="morpho_contours.cpp">
      <Filter>Source Files</Filter>
    </ClCompile>
    <ClCompile Include="number_task.cpp">
      <Filter>Source Files</Filter>
    </ClCompile>
    <ClCompile Include="shapes_range.cpp">
      <Filter>Source Files</Filter>
    </ClCompile>
    <ClCompile Include="shapes_split_fn.cpp">
      <Filter>Source Files</Filter>
    </ClCompile>
    <ClCompile Include="track_bar.cpp">
      <Filter>Source Files</Filter>
    </ClCompile>
  </ItemGroup>
</Project>